{
  "name": "asp.net",
  "version": "1.0.0",
  "lockfileVersion": 3,
  "requires": true,
  "packages": {
    "": {
      "name": "asp.net",
      "version": "1.0.0",
      "devDependencies": {
        "devextreme-dist": "~25.1"
      }
    },
    "node_modules/devextreme-dist": {
      "version": "25.1.8",
      "resolved": "https://registry.npmjs.org/devextreme-dist/-/devextreme-dist-25.1.8.tgz",
      "integrity": "sha512-YEo3rPv/hCce0oFeQlUYqSN8gLex+bujlz4hssEoUKjEUJOIJriucZEe5HbXRHrGR9njocPT+7uZby4i4q4oHQ==",
      "dev": true
    }
  }
}
